
Microsoft Visual Studio Solution File, Format Version 12.00
# Visual Studio Version 16
VisualStudioVersion = 16.0.31321.278
MinimumVisualStudioVersion = 10.0.40219.1
Project("{FAE04EC0-301F-11D3-BF4B-00C04F79EFBC}") = "SekaShop", "SekaShop\SekaShop.csproj", "{7343706F-5180-4AD7-BCC0-43A22F3AB159}"
EndProject
Global
	GlobalSection(SolutionConfigurationPlatforms) = preSolution
		Debug|Any CPU = Debug|Any CPU
		Release|Any CPU = Release|Any CPU
	EndGlobalSection
	GlobalSection(ProjectConfigurationPlatforms) = postSolution
		{7343706F-5180-4AD7-BCC0-43A22F3AB159}.Debug|Any CPU.ActiveCfg = Debug|Any CPU
		{7343706F-5180-4AD7-BCC0-43A22F3AB159}.Debug|Any CPU.Build.0 = Debug|Any CPU
		{7343706F-5180-4AD7-BCC0-43A22F3AB159}.Release|Any CPU.ActiveCfg = Release|Any CPU
		{7343706F-5180-4AD7-BCC0-43A22F3AB159}.Release|Any CPU.Build.0 = Release|Any CPU
	EndGlobalSection
	GlobalSection(SolutionProperties) = preSolution
		HideSolutionNode = FALSE
	EndGlobalSection
	GlobalSection(ExtensibilityGlobals) = postSolution
		SolutionGuid = {F5497BA0-8648-4956-99E0-13C4B89BBAEC}
	EndGlobalSection
EndGlobal
